
Microsoft Visual Studio Solution File, Format Version 12.00
# Visual Studio Version 16
VisualStudioVersion = 16.0.29519.161
MinimumVisualStudioVersion = 10.0.40219.1
Project("{11A8DD76-328B-46DF-9F39-F559912D0360}") = "Meteostanice", "Meteostanice\Meteostanice.nfproj", "{DAAE16C7-8DF2-4C76-AE01-209F162B0908}"
EndProject
Project("{2150E333-8FDC-42A3-9474-1A3956D46DE8}") = "Drivers", "Drivers", "{FE469048-9F4B-4913-818A-50961AEC9A83}"
EndProject
Project("{11A8DD76-328B-46DF-9F39-F559912D0360}") = "HDC1080", "Drivers\HDC1080\HDC1080.nfproj", "{97D42F12-92D6-4CD3-8027-896C663A700D}"
EndProject
Project("{11A8DD76-328B-46DF-9F39-F559912D0360}") = "SSD1331", "Drivers\SSD1331\SSD1331.nfproj", "{BD7A8399-5541-43FD-9EA1-4CFEC8EA9ACE}"
EndProject
Project("{11A8DD76-328B-46DF-9F39-F559912D0360}") = "TSL2561", "Drivers\TSL2561\TSL2561.nfproj", "{B1965B4A-F69E-4581-991E-B064D71DB622}"
EndProject
Project("{11A8DD76-328B-46DF-9F39-F559912D0360}") = "DriverBase", "Drivers\DriverBase\DriverBase.nfproj", "{392595B2-2E74-4DEC-8AE8-50EFBF15AA6D}"
EndProject
Project("{11A8DD76-328B-46DF-9F39-F559912D0360}") = "DriverBaseI2C", "Drivers\DriverBaseI2C\DriverBaseI2C.nfproj", "{985EE733-C951-40B0-924F-2EE948A03C4A}"
EndProject
Project("{2150E333-8FDC-42A3-9474-1A3956D46DE8}") = "DriverBases", "DriverBases", "{E846D9D1-1305-49D3-8E2E-3B32D0C9C1F9}"
EndProject
Project("{11A8DD76-328B-46DF-9F39-F559912D0360}") = "DriverBaseSPI", "Drivers\DriverBaseSPI\DriverBaseSPI.nfproj", "{982F2037-BC65-4A6B-88E2-254AAF2C2EA9}"
EndProject
Project("{11A8DD76-328B-46DF-9F39-F559912D0360}") = "DriverBaseUART", "Drivers\DriverBaseUART\DriverBaseUART.nfproj", "{9B7BB653-254F-403D-9A25-D40BB1008DBF}"
EndProject
Project("{11A8DD76-328B-46DF-9F39-F559912D0360}") = "MHZ19B", "Drivers\MHZ19B\MHZ19B.nfproj", "{1C750BA7-44AA-4FA1-B8BD-461297369314}"
EndProject
Project("{11A8DD76-328B-46DF-9F39-F559912D0360}") = "LPS22HB", "Drivers\LPS22HB\LPS22HB.nfproj", "{DD6ACC29-725B-45CA-A90D-D4342B4E764B}"
EndProject
Project("{11A8DD76-328B-46DF-9F39-F559912D0360}") = "ICM20948", "Drivers\ICM20948\ICM20948.nfproj", "{B94E2D1A-458D-4A34-98CB-852BFAC83B72}"
EndProject
Project("{11A8DD76-328B-46DF-9F39-F559912D0360}") = "ADS1015", "Drivers\ADS1015\ADS1015.nfproj", "{27EBC85C-2E0D-4936-A277-427E64053AE6}"
EndProject
Project("{11A8DD76-328B-46DF-9F39-F559912D0360}") = "SHTC3", "Drivers\SHTC3\SHTC3.nfproj", "{1780219D-826D-44E5-8ED7-1ABD5986E047}"
EndProject
Project("{11A8DD76-328B-46DF-9F39-F559912D0360}") = "IT8951", "Drivers\IT8951\IT8951.nfproj", "{9B18757E-5C6D-4060-AA1D-29E04E371D8A}"
EndProject
Global
	GlobalSection(SolutionConfigurationPlatforms) = preSolution
		Debug|Any CPU = Debug|Any CPU
		Release|Any CPU = Release|Any CPU
	EndGlobalSection
	GlobalSection(ProjectConfigurationPlatforms) = postSolution
		{DAAE16C7-8DF2-4C76-AE01-209F162B0908}.Debug|Any CPU.ActiveCfg = Debug|Any CPU
		{DAAE16C7-8DF2-4C76-AE01-209F162B0908}.Debug|Any CPU.Build.0 = Debug|Any CPU
		{DAAE16C7-8DF2-4C76-AE01-209F162B0908}.Debug|Any CPU.Deploy.0 = Debug|Any CPU
		{DAAE16C7-8DF2-4C76-AE01-209F162B0908}.Release|Any CPU.ActiveCfg = Release|Any CPU
		{DAAE16C7-8DF2-4C76-AE01-209F162B0908}.Release|Any CPU.Build.0 = Release|Any CPU
		{DAAE16C7-8DF2-4C76-AE01-209F162B0908}.Release|Any CPU.Deploy.0 = Release|Any CPU
		{97D42F12-92D6-4CD3-8027-896C663A700D}.Debug|Any CPU.ActiveCfg = Debug|Any CPU
		{97D42F12-92D6-4CD3-8027-896C663A700D}.Debug|Any CPU.Build.0 = Debug|Any CPU
		{97D42F12-92D6-4CD3-8027-896C663A700D}.Debug|Any CPU.Deploy.0 = Debug|Any CPU
		{97D42F12-92D6-4CD3-8027-896C663A700D}.Release|Any CPU.ActiveCfg = Release|Any CPU
		{97D42F12-92D6-4CD3-8027-896C663A700D}.Release|Any CPU.Build.0 = Release|Any CPU
		{97D42F12-92D6-4CD3-8027-896C663A700D}.Release|Any CPU.Deploy.0 = Release|Any CPU
		{BD7A8399-5541-43FD-9EA1-4CFEC8EA9ACE}.Debug|Any CPU.ActiveCfg = Debug|Any CPU
		{BD7A8399-5541-43FD-9EA1-4CFEC8EA9ACE}.Debug|Any CPU.Build.0 = Debug|Any CPU
		{BD7A8399-5541-43FD-9EA1-4CFEC8EA9ACE}.Debug|Any CPU.Deploy.0 = Debug|Any CPU
		{BD7A8399-5541-43FD-9EA1-4CFEC8EA9ACE}.Release|Any CPU.ActiveCfg = Release|Any CPU
		{BD7A8399-5541-43FD-9EA1-4CFEC8EA9ACE}.Release|Any CPU.Build.0 = Release|Any CPU
		{BD7A8399-5541-43FD-9EA1-4CFEC8EA9ACE}.Release|Any CPU.Deploy.0 = Release|Any CPU
		{B1965B4A-F69E-4581-991E-B064D71DB622}.Debug|Any CPU.ActiveCfg = Debug|Any CPU
		{B1965B4A-F69E-4581-991E-B064D71DB622}.Debug|Any CPU.Build.0 = Debug|Any CPU
		{B1965B4A-F69E-4581-991E-B064D71DB622}.Debug|Any CPU.Deploy.0 = Debug|Any CPU
		{B1965B4A-F69E-4581-991E-B064D71DB622}.Release|Any CPU.ActiveCfg = Release|Any CPU
		{B1965B4A-F69E-4581-991E-B064D71DB622}.Release|Any CPU.Build.0 = Release|Any CPU
		{B1965B4A-F69E-4581-991E-B064D71DB622}.Release|Any CPU.Deploy.0 = Release|Any CPU
		{392595B2-2E74-4DEC-8AE8-50EFBF15AA6D}.Debug|Any CPU.ActiveCfg = Debug|Any CPU
		{392595B2-2E74-4DEC-8AE8-50EFBF15AA6D}.Debug|Any CPU.Build.0 = Debug|Any CPU
		{392595B2-2E74-4DEC-8AE8-50EFBF15AA6D}.Debug|Any CPU.Deploy.0 = Debug|Any CPU
		{392595B2-2E74-4DEC-8AE8-50EFBF15AA6D}.Release|Any CPU.ActiveCfg = Release|Any CPU
		{392595B2-2E74-4DEC-8AE8-50EFBF15AA6D}.Release|Any CPU.Build.0 = Release|Any CPU
		{392595B2-2E74-4DEC-8AE8-50EFBF15AA6D}.Release|Any CPU.Deploy.0 = Release|Any CPU
		{985EE733-C951-40B0-924F-2EE948A03C4A}.Debug|Any CPU.ActiveCfg = Debug|Any CPU
		{985EE733-C951-40B0-924F-2EE948A03C4A}.Debug|Any CPU.Build.0 = Debug|Any CPU
		{985EE733-C951-40B0-924F-2EE948A03C4A}.Debug|Any CPU.Deploy.0 = Debug|Any CPU
		{985EE733-C951-40B0-924F-2EE948A03C4A}.Release|Any CPU.ActiveCfg = Release|Any CPU
		{985EE733-C951-40B0-924F-2EE948A03C4A}.Release|Any CPU.Build.0 = Release|Any CPU
		{985EE733-C951-40B0-924F-2EE948A03C4A}.Release|Any CPU.Deploy.0 = Release|Any CPU
		{982F2037-BC65-4A6B-88E2-254AAF2C2EA9}.Debug|Any CPU.ActiveCfg = Debug|Any CPU
		{982F2037-BC65-4A6B-88E2-254AAF2C2EA9}.Debug|Any CPU.Build.0 = Debug|Any CPU
		{982F2037-BC65-4A6B-88E2-254AAF2C2EA9}.Debug|Any CPU.Deploy.0 = Debug|Any CPU
		{982F2037-BC65-4A6B-88E2-254AAF2C2EA9}.Release|Any CPU.ActiveCfg = Release|Any CPU
		{982F2037-BC65-4A6B-88E2-254AAF2C2EA9}.Release|Any CPU.Build.0 = Release|Any CPU
		{982F2037-BC65-4A6B-88E2-254AAF2C2EA9}.Release|Any CPU.Deploy.0 = Release|Any CPU
		{9B7BB653-254F-403D-9A25-D40BB1008DBF}.Debug|Any CPU.ActiveCfg = Debug|Any CPU
		{9B7BB653-254F-403D-9A25-D40BB1008DBF}.Debug|Any CPU.Build.0 = Debug|Any CPU
		{9B7BB653-254F-403D-9A25-D40BB1008DBF}.Debug|Any CPU.Deploy.0 = Debug|Any CPU
		{9B7BB653-254F-403D-9A25-D40BB1008DBF}.Release|Any CPU.ActiveCfg = Release|Any CPU
		{9B7BB653-254F-403D-9A25-D40BB1008DBF}.Release|Any CPU.Build.0 = Release|Any CPU
		{9B7BB653-254F-403D-9A25-D40BB1008DBF}.Release|Any CPU.Deploy.0 = Release|Any CPU
		{1C750BA7-44AA-4FA1-B8BD-461297369314}.Debug|Any CPU.ActiveCfg = Debug|Any CPU
		{1C750BA7-44AA-4FA1-B8BD-461297369314}.Debug|Any CPU.Build.0 = Debug|Any CPU
		{1C750BA7-44AA-4FA1-B8BD-461297369314}.Debug|Any CPU.Deploy.0 = Debug|Any CPU
		{1C750BA7-44AA-4FA1-B8BD-461297369314}.Release|Any CPU.ActiveCfg = Release|Any CPU
		{1C750BA7-44AA-4FA1-B8BD-461297369314}.Release|Any CPU.Build.0 = Release|Any CPU
		{1C750BA7-44AA-4FA1-B8BD-461297369314}.Release|Any CPU.Deploy.0 = Release|Any CPU
		{DD6ACC29-725B-45CA-A90D-D4342B4E764B}.Debug|Any CPU.ActiveCfg = Debug|Any CPU
		{DD6ACC29-725B-45CA-A90D-D4342B4E764B}.Debug|Any CPU.Build.0 = Debug|Any CPU
		{DD6ACC29-725B-45CA-A90D-D4342B4E764B}.Debug|Any CPU.Deploy.0 = Debug|Any CPU
		{DD6ACC29-725B-45CA-A90D-D4342B4E764B}.Release|Any CPU.ActiveCfg = Release|Any CPU
		{DD6ACC29-725B-45CA-A90D-D4342B4E764B}.Release|Any CPU.Build.0 = Release|Any CPU
		{DD6ACC29-725B-45CA-A90D-D4342B4E764B}.Release|Any CPU.Deploy.0 = Release|Any CPU
		{B94E2D1A-458D-4A34-98CB-852BFAC83B72}.Debug|Any CPU.ActiveCfg = Debug|Any CPU
		{B94E2D1A-458D-4A34-98CB-852BFAC83B72}.Debug|Any CPU.Build.0 = Debug|Any CPU
		{B94E2D1A-458D-4A34-98CB-852BFAC83B72}.Debug|Any CPU.Deploy.0 = Debug|Any CPU
		{B94E2D1A-458D-4A34-98CB-852BFAC83B72}.Release|Any CPU.ActiveCfg = Release|Any CPU
		{B94E2D1A-458D-4A34-98CB-852BFAC83B72}.Release|Any CPU.Build.0 = Release|Any CPU
		{B94E2D1A-458D-4A34-98CB-852BFAC83B72}.Release|Any CPU.Deploy.0 = Release|Any CPU
		{27EBC85C-2E0D-4936-A277-427E64053AE6}.Debug|Any CPU.ActiveCfg = Debug|Any CPU
		{27EBC85C-2E0D-4936-A277-427E64053AE6}.Debug|Any CPU.Build.0 = Debug|Any CPU
		{27EBC85C-2E0D-4936-A277-427E64053AE6}.Debug|Any CPU.Deploy.0 = Debug|Any CPU
		{27EBC85C-2E0D-4936-A277-427E64053AE6}.Release|Any CPU.ActiveCfg = Release|Any CPU
		{27EBC85C-2E0D-4936-A277-427E64053AE6}.Release|Any CPU.Build.0 = Release|Any CPU
		{27EBC85C-2E0D-4936-A277-427E64053AE6}.Release|Any CPU.Deploy.0 = Release|Any CPU
		{1780219D-826D-44E5-8ED7-1ABD5986E047}.Debug|Any CPU.ActiveCfg = Debug|Any CPU
		{1780219D-826D-44E5-8ED7-1ABD5986E047}.Debug|Any CPU.Build.0 = Debug|Any CPU
		{1780219D-826D-44E5-8ED7-1ABD5986E047}.Debug|Any CPU.Deploy.0 = Debug|Any CPU
		{1780219D-826D-44E5-8ED7-1ABD5986E047}.Release|Any CPU.ActiveCfg = Release|Any CPU
		{1780219D-826D-44E5-8ED7-1ABD5986E047}.Release|Any CPU.Build.0 = Release|Any CPU
		{1780219D-826D-44E5-8ED7-1ABD5986E047}.Release|Any CPU.Deploy.0 = Release|Any CPU
		{9B18757E-5C6D-4060-AA1D-29E04E371D8A}.Debug|Any CPU.ActiveCfg = Debug|Any CPU
		{9B18757E-5C6D-4060-AA1D-29E04E371D8A}.Debug|Any CPU.Build.0 = Debug|Any CPU
		{9B18757E-5C6D-4060-AA1D-29E04E371D8A}.Debug|Any CPU.Deploy.0 = Debug|Any CPU
		{9B18757E-5C6D-4060-AA1D-29E04E371D8A}.Release|Any CPU.ActiveCfg = Release|Any CPU
		{9B18757E-5C6D-4060-AA1D-29E04E371D8A}.Release|Any CPU.Build.0 = Release|Any CPU
		{9B18757E-5C6D-4060-AA1D-29E04E371D8A}.Release|Any CPU.Deploy.0 = Release|Any CPU
	EndGlobalSection
	GlobalSection(SolutionProperties) = preSolution
		HideSolutionNode = FALSE
	EndGlobalSection
	GlobalSection(NestedProjects) = preSolution
		{97D42F12-92D6-4CD3-8027-896C663A700D} = {FE469048-9F4B-4913-818A-50961AEC9A83}
		{BD7A8399-5541-43FD-9EA1-4CFEC8EA9ACE} = {FE469048-9F4B-4913-818A-50961AEC9A83}
		{B1965B4A-F69E-4581-991E-B064D71DB622} = {FE469048-9F4B-4913-818A-50961AEC9A83}
		{392595B2-2E74-4DEC-8AE8-50EFBF15AA6D} = {E846D9D1-1305-49D3-8E2E-3B32D0C9C1F9}
		{985EE733-C951-40B0-924F-2EE948A03C4A} = {E846D9D1-1305-49D3-8E2E-3B32D0C9C1F9}
		{E846D9D1-1305-49D3-8E2E-3B32D0C9C1F9} = {FE469048-9F4B-4913-818A-50961AEC9A83}
		{982F2037-BC65-4A6B-88E2-254AAF2C2EA9} = {E846D9D1-1305-49D3-8E2E-3B32D0C9C1F9}
		{9B7BB653-254F-403D-9A25-D40BB1008DBF} = {E846D9D1-1305-49D3-8E2E-3B32D0C9C1F9}
		{1C750BA7-44AA-4FA1-B8BD-461297369314} = {FE469048-9F4B-4913-818A-50961AEC9A83}
		{DD6ACC29-725B-45CA-A90D-D4342B4E764B} = {FE469048-9F4B-4913-818A-50961AEC9A83}
		{B94E2D1A-458D-4A34-98CB-852BFAC83B72} = {FE469048-9F4B-4913-818A-50961AEC9A83}
		{27EBC85C-2E0D-4936-A277-427E64053AE6} = {FE469048-9F4B-4913-818A-50961AEC9A83}
		{1780219D-826D-44E5-8ED7-1ABD5986E047} = {FE469048-9F4B-4913-818A-50961AEC9A83}
		{9B18757E-5C6D-4060-AA1D-29E04E371D8A} = {FE469048-9F4B-4913-818A-50961AEC9A83}
	EndGlobalSection
	GlobalSection(ExtensibilityGlobals) = postSolution
		SolutionGuid = {7DF9E729-B9E5-45B4-95E1-2FE94D0CE06F}
	EndGlobalSection
EndGlobal
